
Microsoft Visual Studio Solution File, Format Version 12.00
# Visual Studio 15
VisualStudioVersion = 15.0.27130.2020
MinimumVisualStudioVersion = 10.0.40219.1
Project("{FAE04EC0-301F-11D3-BF4B-00C04F79EFBC}") = "ReverseSpecialStringConsoleApp", "ReverseSpecialStringConsoleApp\ReverseSpecialStringConsoleApp.csproj", "{398FC650-3E4E-47FB-904C-EF327C23D14B}"
EndProject
Global
	GlobalSection(SolutionConfigurationPlatforms) = preSolution
		Debug|Any CPU = Debug|Any CPU
		Release|Any CPU = Release|Any CPU
	EndGlobalSection
	GlobalSection(ProjectConfigurationPlatforms) = postSolution
		{398FC650-3E4E-47FB-904C-EF327C23D14B}.Debug|Any CPU.ActiveCfg = Debug|Any CPU
		{398FC650-3E4E-47FB-904C-EF327C23D14B}.Debug|Any CPU.Build.0 = Debug|Any CPU
		{398FC650-3E4E-47FB-904C-EF327C23D14B}.Release|Any CPU.ActiveCfg = Release|Any CPU
		{398FC650-3E4E-47FB-904C-EF327C23D14B}.Release|Any CPU.Build.0 = Release|Any CPU
	EndGlobalSection
	GlobalSection(SolutionProperties) = preSolution
		HideSolutionNode = FALSE
	EndGlobalSection
	GlobalSection(ExtensibilityGlobals) = postSolution
		SolutionGuid = {F7B47E1E-6ECC-430E-B27D-BF3B84E9BBD2}
	EndGlobalSection
EndGlobal
